
Microsoft Visual Studio Solution File, Format Version 12.00
# Visual Studio Version 16
VisualStudioVersion = 16.0.29609.76
MinimumVisualStudioVersion = 10.0.40219.1
Project("{FAE04EC0-301F-11D3-BF4B-00C04F79EFBC}") = "WaterFoodHotkeyBZ", "SubnauticaBelowzeroMods\WaterFoodHotkey\Source\WaterFoodHotkeyBZ.csproj", "{610DD461-6353-4909-ADA4-BCBC9B3A6C37}"
EndProject
Project("{FAE04EC0-301F-11D3-BF4B-00C04F79EFBC}") = "DockLightsToggleBZ", "SubnauticaBelowzeroMods\DockLightsToggle\Source\DockLightsToggleBZ.csproj", "{3ECA0C8E-1823-489E-A235-73922AA03ED0}"
EndProject
Project("{FAE04EC0-301F-11D3-BF4B-00C04F79EFBC}") = "BetterFlashLightBZ", "SubnauticaBelowzeroMods\BetterFlashLight\Source\BetterFlashLight\BetterFlashLightBZ.csproj", "{6AB3C1D8-4385-4BBB-9953-6EAE299BEC20}"
EndProject
Project("{FAE04EC0-301F-11D3-BF4B-00C04F79EFBC}") = "SeaTruckSpeedoBZ", "SubnauticaBelowzeroMods\SeatruckSpeedo [WIP]\Source\SeaTruckSpeedo\SeaTruckSpeedoBZ.csproj", "{DB86E420-8F4D-47C9-9DCA-BB93AC343F3C}"
EndProject
Project("{FAE04EC0-301F-11D3-BF4B-00C04F79EFBC}") = "ExtraFov", "SubnauticaBelowzeroMods\ExtraFov [WIP]\Source\ExtraFov\ExtraFov.csproj", "{0FA4597F-5083-485B-9867-97BAE899EEFF}"
EndProject
Project("{FAE04EC0-301F-11D3-BF4B-00C04F79EFBC}") = "SubnauticaBZRP", "SubnauticaBelowzeroMods\SubnauticaBZRP [WIP]\SubnauticaBZRP.csproj", "{EB147EB9-CC24-4E0A-B057-356237B9CF60}"
EndProject
Project("{FAE04EC0-301F-11D3-BF4B-00C04F79EFBC}") = "DiscordsdkTest", "SubnauticaBelowzeroMods\DiscordSdkTest [WIP]\Source\DiscordsdkTest\DiscordsdkTest.csproj", "{B6A94134-B17E-42AD-A911-97148B752FF6}"
EndProject
Project("{FAE04EC0-301F-11D3-BF4B-00C04F79EFBC}") = "BetterSeaglide", "SubnauticaBelowzeroMods\BetterSeaglide\BetterSeaglide\BetterSeaglide.csproj", "{7CECECFF-C25A-4684-B727-ACD10E0F94F1}"
EndProject
Project("{FAE04EC0-301F-11D3-BF4B-00C04F79EFBC}") = "BelowZeroAltMeter", "SubnauticaBelowzeroMods\BelowZeroAltMeter\BelowZeroAltMeter\BelowZeroAltMeter.csproj", "{AF698137-87A3-43E4-923C-E1A7A4553730}"
EndProject
Project("{FAE04EC0-301F-11D3-BF4B-00C04F79EFBC}") = "MapRoomCameraLightsBZ", "SubnauticaBelowzeroMods\MapRoomCameraLightsBZ\MapRoomCameraLightsBZ.csproj", "{C7B2EF38-C398-414B-977D-E7E8C93F36C0}"
EndProject
Global
	GlobalSection(SolutionConfigurationPlatforms) = preSolution
		Debug|Any CPU = Debug|Any CPU
		Release|Any CPU = Release|Any CPU
	EndGlobalSection
	GlobalSection(ProjectConfigurationPlatforms) = postSolution
		{610DD461-6353-4909-ADA4-BCBC9B3A6C37}.Debug|Any CPU.ActiveCfg = Debug|Any CPU
		{610DD461-6353-4909-ADA4-BCBC9B3A6C37}.Debug|Any CPU.Build.0 = Debug|Any CPU
		{610DD461-6353-4909-ADA4-BCBC9B3A6C37}.Release|Any CPU.ActiveCfg = Release|Any CPU
		{610DD461-6353-4909-ADA4-BCBC9B3A6C37}.Release|Any CPU.Build.0 = Release|Any CPU
		{3ECA0C8E-1823-489E-A235-73922AA03ED0}.Debug|Any CPU.ActiveCfg = Debug|Any CPU
		{3ECA0C8E-1823-489E-A235-73922AA03ED0}.Debug|Any CPU.Build.0 = Debug|Any CPU
		{3ECA0C8E-1823-489E-A235-73922AA03ED0}.Release|Any CPU.ActiveCfg = Release|Any CPU
		{3ECA0C8E-1823-489E-A235-73922AA03ED0}.Release|Any CPU.Build.0 = Release|Any CPU
		{6AB3C1D8-4385-4BBB-9953-6EAE299BEC20}.Debug|Any CPU.ActiveCfg = Debug|Any CPU
		{6AB3C1D8-4385-4BBB-9953-6EAE299BEC20}.Debug|Any CPU.Build.0 = Debug|Any CPU
		{6AB3C1D8-4385-4BBB-9953-6EAE299BEC20}.Release|Any CPU.ActiveCfg = Release|Any CPU
		{6AB3C1D8-4385-4BBB-9953-6EAE299BEC20}.Release|Any CPU.Build.0 = Release|Any CPU
		{DB86E420-8F4D-47C9-9DCA-BB93AC343F3C}.Debug|Any CPU.ActiveCfg = Debug|Any CPU
		{DB86E420-8F4D-47C9-9DCA-BB93AC343F3C}.Debug|Any CPU.Build.0 = Debug|Any CPU
		{DB86E420-8F4D-47C9-9DCA-BB93AC343F3C}.Release|Any CPU.ActiveCfg = Release|Any CPU
		{DB86E420-8F4D-47C9-9DCA-BB93AC343F3C}.Release|Any CPU.Build.0 = Release|Any CPU
		{0FA4597F-5083-485B-9867-97BAE899EEFF}.Debug|Any CPU.ActiveCfg = Debug|Any CPU
		{0FA4597F-5083-485B-9867-97BAE899EEFF}.Debug|Any CPU.Build.0 = Debug|Any CPU
		{0FA4597F-5083-485B-9867-97BAE899EEFF}.Release|Any CPU.ActiveCfg = Release|Any CPU
		{0FA4597F-5083-485B-9867-97BAE899EEFF}.Release|Any CPU.Build.0 = Release|Any CPU
		{EB147EB9-CC24-4E0A-B057-356237B9CF60}.Debug|Any CPU.ActiveCfg = Debug|Any CPU
		{EB147EB9-CC24-4E0A-B057-356237B9CF60}.Debug|Any CPU.Build.0 = Debug|Any CPU
		{EB147EB9-CC24-4E0A-B057-356237B9CF60}.Release|Any CPU.ActiveCfg = Release|Any CPU
		{EB147EB9-CC24-4E0A-B057-356237B9CF60}.Release|Any CPU.Build.0 = Release|Any CPU
		{B6A94134-B17E-42AD-A911-97148B752FF6}.Debug|Any CPU.ActiveCfg = Debug|Any CPU
		{B6A94134-B17E-42AD-A911-97148B752FF6}.Debug|Any CPU.Build.0 = Debug|Any CPU
		{B6A94134-B17E-42AD-A911-97148B752FF6}.Release|Any CPU.ActiveCfg = Release|Any CPU
		{B6A94134-B17E-42AD-A911-97148B752FF6}.Release|Any CPU.Build.0 = Release|Any CPU
		{7CECECFF-C25A-4684-B727-ACD10E0F94F1}.Debug|Any CPU.ActiveCfg = Debug|Any CPU
		{7CECECFF-C25A-4684-B727-ACD10E0F94F1}.Debug|Any CPU.Build.0 = Debug|Any CPU
		{7CECECFF-C25A-4684-B727-ACD10E0F94F1}.Release|Any CPU.ActiveCfg = Release|Any CPU
		{7CECECFF-C25A-4684-B727-ACD10E0F94F1}.Release|Any CPU.Build.0 = Release|Any CPU
		{AF698137-87A3-43E4-923C-E1A7A4553730}.Debug|Any CPU.ActiveCfg = Debug|Any CPU
		{AF698137-87A3-43E4-923C-E1A7A4553730}.Debug|Any CPU.Build.0 = Debug|Any CPU
		{AF698137-87A3-43E4-923C-E1A7A4553730}.Release|Any CPU.ActiveCfg = Release|Any CPU
		{AF698137-87A3-43E4-923C-E1A7A4553730}.Release|Any CPU.Build.0 = Release|Any CPU
		{C7B2EF38-C398-414B-977D-E7E8C93F36C0}.Debug|Any CPU.ActiveCfg = Debug|Any CPU
		{C7B2EF38-C398-414B-977D-E7E8C93F36C0}.Debug|Any CPU.Build.0 = Debug|Any CPU
		{C7B2EF38-C398-414B-977D-E7E8C93F36C0}.Release|Any CPU.ActiveCfg = Release|Any CPU
		{C7B2EF38-C398-414B-977D-E7E8C93F36C0}.Release|Any CPU.Build.0 = Release|Any CPU
	EndGlobalSection
	GlobalSection(SolutionProperties) = preSolution
		HideSolutionNode = FALSE
	EndGlobalSection
	GlobalSection(ExtensibilityGlobals) = postSolution
		SolutionGuid = {B1A9EF70-7FA9-4BD0-9857-57A0CDC3DE56}
	EndGlobalSection
EndGlobal
