
Microsoft Visual Studio Solution File, Format Version 12.00
# Visual Studio 15
VisualStudioVersion = 15.0.28307.421
MinimumVisualStudioVersion = 10.0.40219.1
Project("{FAE04EC0-301F-11D3-BF4B-00C04F79EFBC}") = "WaterFoodHotkeyBZ", "SubnauticaBelowzeroMods\WaterFoodHotkey\Source\WaterFoodHotkeyBZ.csproj", "{610DD461-6353-4909-ADA4-BCBC9B3A6C37}"
EndProject
Project("{FAE04EC0-301F-11D3-BF4B-00C04F79EFBC}") = "DockLightsToggleBZ", "SubnauticaBelowzeroMods\DockLightsToggle\Source\DockLightsToggleBZ.csproj", "{3ECA0C8E-1823-489E-A235-73922AA03ED0}"
EndProject
Global
	GlobalSection(SolutionConfigurationPlatforms) = preSolution
		Debug|Any CPU = Debug|Any CPU
		Release|Any CPU = Release|Any CPU
	EndGlobalSection
	GlobalSection(ProjectConfigurationPlatforms) = postSolution
		{610DD461-6353-4909-ADA4-BCBC9B3A6C37}.Debug|Any CPU.ActiveCfg = Debug|Any CPU
		{610DD461-6353-4909-ADA4-BCBC9B3A6C37}.Debug|Any CPU.Build.0 = Debug|Any CPU
		{610DD461-6353-4909-ADA4-BCBC9B3A6C37}.Release|Any CPU.ActiveCfg = Release|Any CPU
		{610DD461-6353-4909-ADA4-BCBC9B3A6C37}.Release|Any CPU.Build.0 = Release|Any CPU
		{3ECA0C8E-1823-489E-A235-73922AA03ED0}.Debug|Any CPU.ActiveCfg = Debug|Any CPU
		{3ECA0C8E-1823-489E-A235-73922AA03ED0}.Debug|Any CPU.Build.0 = Debug|Any CPU
		{3ECA0C8E-1823-489E-A235-73922AA03ED0}.Release|Any CPU.ActiveCfg = Release|Any CPU
		{3ECA0C8E-1823-489E-A235-73922AA03ED0}.Release|Any CPU.Build.0 = Release|Any CPU
	EndGlobalSection
	GlobalSection(SolutionProperties) = preSolution
		HideSolutionNode = FALSE
	EndGlobalSection
	GlobalSection(ExtensibilityGlobals) = postSolution
		SolutionGuid = {B1A9EF70-7FA9-4BD0-9857-57A0CDC3DE56}
	EndGlobalSection
EndGlobal
